# This file is automatically @generated by Cargo.
# It is not intended for manual editing.
version = 4

[[package]]
name = "overseer"
version = "0.1.0"

[[package]]
name = "overseer-client"
version = "0.1.0"
dependencies = [
 "overseer",
]

[[package]]
name = "overseer-server"
version = "0.1.0"
dependencies = [
 "overseer",
]
